
Microsoft Visual Studio Solution File, Format Version 12.00
# Visual Studio Version 17
VisualStudioVersion = 17.3.32929.385
MinimumVisualStudioVersion = 10.0.40219.1
Project("{FAE04EC0-301F-11D3-BF4B-00C04F79EFBC}") = "GomokugRPCClient", "GomokugRPCClient\GomokugRPCClient.csproj", "{C1D3C5D2-C62B-4B89-AA7C-318685C8A389}"
EndProject
Global
	GlobalSection(SolutionConfigurationPlatforms) = preSolution
		Debug|Any CPU = Debug|Any CPU
		Release|Any CPU = Release|Any CPU
	EndGlobalSection
	GlobalSection(ProjectConfigurationPlatforms) = postSolution
		{C1D3C5D2-C62B-4B89-AA7C-318685C8A389}.Debug|Any CPU.ActiveCfg = Debug|Any CPU
		{C1D3C5D2-C62B-4B89-AA7C-318685C8A389}.Debug|Any CPU.Build.0 = Debug|Any CPU
		{C1D3C5D2-C62B-4B89-AA7C-318685C8A389}.Release|Any CPU.ActiveCfg = Release|Any CPU
		{C1D3C5D2-C62B-4B89-AA7C-318685C8A389}.Release|Any CPU.Build.0 = Release|Any CPU
	EndGlobalSection
	GlobalSection(SolutionProperties) = preSolution
		HideSolutionNode = FALSE
	EndGlobalSection
	GlobalSection(ExtensibilityGlobals) = postSolution
		SolutionGuid = {B54CF276-E4F3-45F2-A6D1-09A88281EE97}
	EndGlobalSection
EndGlobal
